
Microsoft Visual Studio Solution File, Format Version 12.00
# Visual Studio 15
VisualStudioVersion = 15.0.28307.2092
MinimumVisualStudioVersion = 10.0.40219.1
Project("{FAE04EC0-301F-11D3-BF4B-00C04F79EFBC}") = "CodeChallenge2-InsertShift", "CodeChallenge2-InsertShift\CodeChallenge2-InsertShift.csproj", "{144A986A-A5D6-448E-98F5-C946823C4562}"
EndProject
Global
	GlobalSection(SolutionConfigurationPlatforms) = preSolution
		Debug|Any CPU = Debug|Any CPU
		Release|Any CPU = Release|Any CPU
	EndGlobalSection
	GlobalSection(ProjectConfigurationPlatforms) = postSolution
		{144A986A-A5D6-448E-98F5-C946823C4562}.Debug|Any CPU.ActiveCfg = Debug|Any CPU
		{144A986A-A5D6-448E-98F5-C946823C4562}.Debug|Any CPU.Build.0 = Debug|Any CPU
		{144A986A-A5D6-448E-98F5-C946823C4562}.Release|Any CPU.ActiveCfg = Release|Any CPU
		{144A986A-A5D6-448E-98F5-C946823C4562}.Release|Any CPU.Build.0 = Release|Any CPU
	EndGlobalSection
	GlobalSection(SolutionProperties) = preSolution
		HideSolutionNode = FALSE
	EndGlobalSection
	GlobalSection(ExtensibilityGlobals) = postSolution
		SolutionGuid = {BCC1E81C-639C-4BDE-A641-466502EC8E4E}
	EndGlobalSection
EndGlobal
